// !$*UTF8*$!
{
	archiveVersion = 1;
	classes = {
	};
	objectVersion = 55;
	objects = {

/* Begin PBXBuildFile section */
		57087D1F27B3FE6100A02C0C /* CoreLocation.framework in Frameworks */ = {isa = PBXBuildFile; fileRef = 57087D1E27B3FE6100A02C0C /* CoreLocation.framework */; };
		570F2D1B27B31096008DDF9B /* AppDelegate.swift in Sources */ = {isa = PBXBuildFile; fileRef = 570F2D1A27B31096008DDF9B /* AppDelegate.swift */; };
		570F2D1D27B31096008DDF9B /* SceneDelegate.swift in Sources */ = {isa = PBXBuildFile; fileRef = 570F2D1C27B31096008DDF9B /* SceneDelegate.swift */; };
		570F2D1F27B31096008DDF9B /* ViewController.swift in Sources */ = {isa = PBXBuildFile; fileRef = 570F2D1E27B31096008DDF9B /* ViewController.swift */; };
		570F2D2227B31096008DDF9B /* Main.storyboard in Resources */ = {isa = PBXBuildFile; fileRef = 570F2D2027B31096008DDF9B /* Main.storyboard */; };
		570F2D2527B31096008DDF9B /* WeatherApplication.xcdatamodeld in Sources */ = {isa = PBXBuildFile; fileRef = 570F2D2327B31096008DDF9B /* WeatherApplication.xcdatamodeld */; };
		570F2D2727B31098008DDF9B /* Assets.xcassets in Resources */ = {isa = PBXBuildFile; fileRef = 570F2D2627B31098008DDF9B /* Assets.xcassets */; };
		570F2D2A27B31098008DDF9B /* LaunchScreen.storyboard in Resources */ = {isa = PBXBuildFile; fileRef = 570F2D2827B31098008DDF9B /* LaunchScreen.storyboard */; };
		570F2D3227B32433008DDF9B /* TodayViewController.swift in Sources */ = {isa = PBXBuildFile; fileRef = 570F2D3127B32433008DDF9B /* TodayViewController.swift */; };
		570F2D3427B32485008DDF9B /* ForecastViewController.swift in Sources */ = {isa = PBXBuildFile; fileRef = 570F2D3327B32485008DDF9B /* ForecastViewController.swift */; };
		575C5CA727B51E7100740D0B /* Struct.swift in Sources */ = {isa = PBXBuildFile; fileRef = 575C5CA627B51E7100740D0B /* Struct.swift */; };
		5777F06527BAA0C4002F1149 /* TableViewCell.swift in Sources */ = {isa = PBXBuildFile; fileRef = 5777F06427BAA0C4002F1149 /* TableViewCell.swift */; };
		57D7EE6B27B698D8008A43D0 /* SetInfo.swift in Sources */ = {isa = PBXBuildFile; fileRef = 57D7EE6A27B698D8008A43D0 /* SetInfo.swift */; };
/* End PBXBuildFile section */

/* Begin PBXFileReference section */
		57087D1E27B3FE6100A02C0C /* CoreLocation.framework */ = {isa = PBXFileReference; lastKnownFileType = wrapper.framework; name = CoreLocation.framework; path = System/Library/Frameworks/CoreLocation.framework; sourceTree = SDKROOT; };
		570F2D1727B31096008DDF9B /* WeatherApplication.app */ = {isa = PBXFileReference; explicitFileType = wrapper.application; includeInIndex = 0; path = WeatherApplication.app; sourceTree = BUILT_PRODUCTS_DIR; };
		570F2D1A27B31096008DDF9B /* AppDelegate.swift */ = {isa = PBXFileReference; lastKnownFileType = sourcecode.swift; path = AppDelegate.swift; sourceTree = "<group>"; };
		570F2D1C27B31096008DDF9B /* SceneDelegate.swift */ = {isa = PBXFileReference; lastKnownFileType = sourcecode.swift; path = SceneDelegate.swift; sourceTree = "<group>"; };
		570F2D1E27B31096008DDF9B /* ViewController.swift */ = {isa = PBXFileReference; lastKnownFileType = sourcecode.swift; path = ViewController.swift; sourceTree = "<group>"; };
		570F2D2127B31096008DDF9B /* Base */ = {isa = PBXFileReference; lastKnownFileType = file.storyboard; name = Base; path = Base.lproj/Main.storyboard; sourceTree = "<group>"; };
		570F2D2427B31096008DDF9B /* WeatherApplication.xcdatamodel */ = {isa = PBXFileReference; lastKnownFileType = wrapper.xcdatamodel; path = WeatherApplication.xcdatamodel; sourceTree = "<group>"; };
		570F2D2627B31098008DDF9B /* Assets.xcassets */ = {isa = PBXFileReference; lastKnownFileType = folder.assetcatalog; path = Assets.xcassets; sourceTree = "<group>"; };
		570F2D2927B31098008DDF9B /* Base */ = {isa = PBXFileReference; lastKnownFileType = file.storyboard; name = Base; path = Base.lproj/LaunchScreen.storyboard; sourceTree = "<group>"; };
		570F2D2B27B31098008DDF9B /* Info.plist */ = {isa = PBXFileReference; lastKnownFileType = text.plist.xml; path = Info.plist; sourceTree = "<group>"; };
		570F2D3127B32433008DDF9B /* TodayViewController.swift */ = {isa = PBXFileReference; lastKnownFileType = sourcecode.swift; path = TodayViewController.swift; sourceTree = "<group>"; };
		570F2D3327B32485008DDF9B /* ForecastViewController.swift */ = {isa = PBXFileReference; lastKnownFileType = sourcecode.swift; path = ForecastViewController.swift; sourceTree = "<group>"; };
		575C5CA627B51E7100740D0B /* Struct.swift */ = {isa = PBXFileReference; lastKnownFileType = sourcecode.swift; path = Struct.swift; sourceTree = "<group>"; };
		5777F06427BAA0C4002F1149 /* TableViewCell.swift */ = {isa = PBXFileReference; lastKnownFileType = sourcecode.swift; path = TableViewCell.swift; sourceTree = "<group>"; };
		57D7EE6A27B698D8008A43D0 /* SetInfo.swift */ = {isa = PBXFileReference; lastKnownFileType = sourcecode.swift; path = SetInfo.swift; sourceTree = "<group>"; };
/* End PBXFileReference section */

/* Begin PBXFrameworksBuildPhase section */
		570F2D1427B31096008DDF9B /* Frameworks */ = {
			isa = PBXFrameworksBuildPhase;
			buildActionMask = 2147483647;
			files = (
				57087D1F27B3FE6100A02C0C /* CoreLocation.framework in Frameworks */,
			);
			runOnlyForDeploymentPostprocessing = 0;
		};
/* End PBXFrameworksBuildPhase section */

/* Begin PBXGroup section */
		57087D1D27B3FE6100A02C0C /* Frameworks */ = {
			isa = PBXGroup;
			children = (
				57087D1E27B3FE6100A02C0C /* CoreLocation.framework */,
			);
			name = Frameworks;
			sourceTree = "<group>";
		};
		570F2D0E27B31096008DDF9B = {
			isa = PBXGroup;
			children = (
				570F2D1927B31096008DDF9B /* WeatherApplication */,
				570F2D1827B31096008DDF9B /* Products */,
				57087D1D27B3FE6100A02C0C /* Frameworks */,
			);
			sourceTree = "<group>";
		};
		570F2D1827B31096008DDF9B /* Products */ = {
			isa = PBXGroup;
			children = (
				570F2D1727B31096008DDF9B /* WeatherApplication.app */,
			);
			name = Products;
			sourceTree = "<group>";
		};
		570F2D1927B31096008DDF9B /* WeatherApplication */ = {
			isa = PBXGroup;
			children = (
				570F2D1A27B31096008DDF9B /* AppDelegate.swift */,
				570F2D1C27B31096008DDF9B /* SceneDelegate.swift */,
				570F2D1E27B31096008DDF9B /* ViewController.swift */,
				570F2D2027B31096008DDF9B /* Main.storyboard */,
				570F2D2627B31098008DDF9B /* Assets.xcassets */,
				570F2D2827B31098008DDF9B /* LaunchScreen.storyboard */,
				570F2D2B27B31098008DDF9B /* Info.plist */,
				570F2D2327B31096008DDF9B /* WeatherApplication.xcdatamodeld */,
				570F2D3127B32433008DDF9B /* TodayViewController.swift */,
				570F2D3327B32485008DDF9B /* ForecastViewController.swift */,
				575C5CA627B51E7100740D0B /* Struct.swift */,
				57D7EE6A27B698D8008A43D0 /* SetInfo.swift */,
				5777F06427BAA0C4002F1149 /* TableViewCell.swift */,
			);
			path = WeatherApplication;
			sourceTree = "<group>";
		};
/* End PBXGroup section */

/* Begin PBXNativeTarget section */
		570F2D1627B31096008DDF9B /* WeatherApplication */ = {
			isa = PBXNativeTarget;
			buildConfigurationList = 570F2D2E27B31098008DDF9B /* Build configuration list for PBXNativeTarget "WeatherApplication" */;
			buildPhases = (
				570F2D1327B31096008DDF9B /* Sources */,
				570F2D1427B31096008DDF9B /* Frameworks */,
				570F2D1527B31096008DDF9B /* Resources */,
			);
			buildRules = (
			);
			dependencies = (
			);
			name = WeatherApplication;
			productName = WeatherApplication;
			productReference = 570F2D1727B31096008DDF9B /* WeatherApplication.app */;
			productType = "com.apple.product-type.application";
		};
/* End PBXNativeTarget section */

/* Begin PBXProject section */
		570F2D0F27B31096008DDF9B /* Project object */ = {
			isa = PBXProject;
			attributes = {
				BuildIndependentTargetsInParallel = 1;
				LastSwiftUpdateCheck = 1320;
				LastUpgradeCheck = 1320;
				TargetAttributes = {
					570F2D1627B31096008DDF9B = {
						CreatedOnToolsVersion = 13.2.1;
					};
				};
			};
			buildConfigurationList = 570F2D1227B31096008DDF9B /* Build configuration list for PBXProject "WeatherApplication" */;
			compatibilityVersion = "Xcode 13.0";
			developmentRegion = en;
			hasScannedForEncodings = 0;
			knownRegions = (
				en,
				Base,
			);
			mainGroup = 570F2D0E27B31096008DDF9B;
			productRefGroup = 570F2D1827B31096008DDF9B /* Products */;
			projectDirPath = "";
			projectRoot = "";
			targets = (
				570F2D1627B31096008DDF9B /* WeatherApplication */,
			);
		};
/* End PBXProject section */

/* Begin PBXResourcesBuildPhase section */
		570F2D1527B31096008DDF9B /* Resources */ = {
			isa = PBXResourcesBuildPhase;
			buildActionMask = 2147483647;
			files = (
				570F2D2A27B31098008DDF9B /* LaunchScreen.storyboard in Resources */,
				570F2D2727B31098008DDF9B /* Assets.xcassets in Resources */,
				570F2D2227B31096008DDF9B /* Main.storyboard in Resources */,
			);
			runOnlyForDeploymentPostprocessing = 0;
		};
/* End PBXResourcesBuildPhase section */

/* Begin PBXSourcesBuildPhase section */
		570F2D1327B31096008DDF9B /* Sources */ = {
			isa = PBXSourcesBuildPhase;
			buildActionMask = 2147483647;
			files = (
				57D7EE6B27B698D8008A43D0 /* SetInfo.swift in Sources */,
				570F2D1F27B31096008DDF9B /* ViewController.swift in Sources */,
				570F2D1B27B31096008DDF9B /* AppDelegate.swift in Sources */,
				5777F06527BAA0C4002F1149 /* TableViewCell.swift in Sources */,
				570F2D3227B32433008DDF9B /* TodayViewController.swift in Sources */,
				570F2D1D27B31096008DDF9B /* SceneDelegate.swift in Sources */,
				570F2D2527B31096008DDF9B /* WeatherApplication.xcdatamodeld in Sources */,
				575C5CA727B51E7100740D0B /* Struct.swift in Sources */,
				570F2D3427B32485008DDF9B /* ForecastViewController.swift in Sources */,
			);
			runOnlyForDeploymentPostprocessing = 0;
		};
/* End PBXSourcesBuildPhase section */

/* Begin PBXVariantGroup section */
		570F2D2027B31096008DDF9B /* Main.storyboard */ = {
			isa = PBXVariantGroup;
			children = (
				570F2D2127B31096008DDF9B /* Base */,
			);
			name = Main.storyboard;
			sourceTree = "<group>";
		};
		570F2D2827B31098008DDF9B /* LaunchScreen.storyboard */ = {
			isa = PBXVariantGroup;
			children = (
				570F2D2927B31098008DDF9B /* Base */,
			);
			name = LaunchScreen.storyboard;
			sourceTree = "<group>";
		};
/* End PBXVariantGroup section */

/* Begin XCBuildConfiguration section */
		570F2D2C27B31098008DDF9B /* Debug */ = {
			isa = XCBuildConfiguration;
			buildSettings = {
				ALWAYS_SEARCH_USER_PATHS = NO;
				CLANG_ANALYZER_NONNULL = YES;
				CLANG_ANALYZER_NUMBER_OBJECT_CONVERSION = YES_AGGRESSIVE;
				CLANG_CXX_LANGUAGE_STANDARD = "gnu++17";
				CLANG_CXX_LIBRARY = "libc++";
				CLANG_ENABLE_MODULES = YES;
				CLANG_ENABLE_OBJC_ARC = YES;
				CLANG_ENABLE_OBJC_WEAK = YES;
				CLANG_WARN_BLOCK_CAPTURE_AUTORELEASING = YES;
				CLANG_WARN_BOOL_CONVERSION = YES;
				CLANG_WARN_COMMA = YES;
				CLANG_WARN_CONSTANT_CONVERSION = YES;
				CLANG_WARN_DEPRECATED_OBJC_IMPLEMENTATIONS = YES;
				CLANG_WARN_DIRECT_OBJC_ISA_USAGE = YES_ERROR;
				CLANG_WARN_DOCUMENTATION_COMMENTS = YES;
				CLANG_WARN_EMPTY_BODY = YES;
				CLANG_WARN_ENUM_CONVERSION = YES;
				CLANG_WARN_INFINITE_RECURSION = YES;
				CLANG_WARN_INT_CONVERSION = YES;
				CLANG_WARN_NON_LITERAL_NULL_CONVERSION = YES;
				CLANG_WARN_OBJC_IMPLICIT_RETAIN_SELF = YES;
				CLANG_WARN_OBJC_LITERAL_CONVERSION = YES;
				CLANG_WARN_OBJC_ROOT_CLASS = YES_ERROR;
				CLANG_WARN_QUOTED_INCLUDE_IN_FRAMEWORK_HEADER = YES;
				CLANG_WARN_RANGE_LOOP_ANALYSIS = YES;
				CLANG_WARN_STRICT_PROTOTYPES = YES;
				CLANG_WARN_SUSPICIOUS_MOVE = YES;
				CLANG_WARN_UNGUARDED_AVAILABILITY = YES_AGGRESSIVE;
				CLANG_WARN_UNREACHABLE_CODE = YES;
				CLANG_WARN__DUPLICATE_METHOD_MATCH = YES;
				COPY_PHASE_STRIP = NO;
				DEBUG_INFORMATION_FORMAT = dwarf;
				ENABLE_STRICT_OBJC_MSGSEND = YES;
				ENABLE_TESTABILITY = YES;
				GCC_C_LANGUAGE_STANDARD = gnu11;
				GCC_DYNAMIC_NO_PIC = NO;
				GCC_NO_COMMON_BLOCKS = YES;
				GCC_OPTIMIZATION_LEVEL = 0;
				GCC_PREPROCESSOR_DEFINITIONS = (
					"DEBUG=1",
					"$(inherited)",
				);
				GCC_WARN_64_TO_32_BIT_CONVERSION = YES;
				GCC_WARN_ABOUT_RETURN_TYPE = YES_ERROR;
				GCC_WARN_UNDECLARED_SELECTOR = YES;
				GCC_WARN_UNINITIALIZED_AUTOS = YES_AGGRESSIVE;
				GCC_WARN_UNUSED_FUNCTION = YES;
				GCC_WARN_UNUSED_VARIABLE = YES;
				IPHONEOS_DEPLOYMENT_TARGET = 15.2;
				MTL_ENABLE_DEBUG_INFO = INCLUDE_SOURCE;
				MTL_FAST_MATH = YES;
				ONLY_ACTIVE_ARCH = YES;
				SDKROOT = iphoneos;
				SWIFT_ACTIVE_COMPILATION_CONDITIONS = DEBUG;
				SWIFT_OPTIMIZATION_LEVEL = "-Onone";
			};
			name = Debug;
		};
		570F2D2D27B31098008DDF9B /* Release */ = {
			isa = XCBuildConfiguration;
			buildSettings = {
				ALWAYS_SEARCH_USER_PATHS = NO;
				CLANG_ANALYZER_NONNULL = YES;
				CLANG_ANALYZER_NUMBER_OBJECT_CONVERSION = YES_AGGRESSIVE;
				CLANG_CXX_LANGUAGE_STANDARD = "gnu++17";
				CLANG_CXX_LIBRARY = "libc++";
				CLANG_ENABLE_MODULES = YES;
				CLANG_ENABLE_OBJC_ARC = YES;
				CLANG_ENABLE_OBJC_WEAK = YES;
				CLANG_WARN_BLOCK_CAPTURE_AUTORELEASING = YES;
				CLANG_WARN_BOOL_CONVERSION = YES;
				CLANG_WARN_COMMA = YES;
				CLANG_WARN_CONSTANT_CONVERSION = YES;
				CLANG_WARN_DEPRECATED_OBJC_IMPLEMENTATIONS = YES;
				CLANG_WARN_DIRECT_OBJC_ISA_USAGE = YES_ERROR;
				CLANG_WARN_DOCUMENTATION_COMMENTS = YES;
				CLANG_WARN_EMPTY_BODY = YES;
				CLANG_WARN_ENUM_CONVERSION = YES;
				CLANG_WARN_INFINITE_RECURSION = YES;
				CLANG_WARN_INT_CONVERSION = YES;
				CLANG_WARN_NON_LITERAL_NULL_CONVERSION = YES;
				CLANG_WARN_OBJC_IMPLICIT_RETAIN_SELF = YES;
				CLANG_WARN_OBJC_LITERAL_CONVERSION = YES;
				CLANG_WARN_OBJC_ROOT_CLASS = YES_ERROR;
				CLANG_WARN_QUOTED_INCLUDE_IN_FRAMEWORK_HEADER = YES;
				CLANG_WARN_RANGE_LOOP_ANALYSIS = YES;
				CLANG_WARN_STRICT_PROTOTYPES = YES;
				CLANG_WARN_SUSPICIOUS_MOVE = YES;
				CLANG_WARN_UNGUARDED_AVAILABILITY = YES_AGGRESSIVE;
				CLANG_WARN_UNREACHABLE_CODE = YES;
				CLANG_WARN__DUPLICATE_METHOD_MATCH = YES;
				COPY_PHASE_STRIP = NO;
				DEBUG_INFORMATION_FORMAT = "dwarf-with-dsym";
				ENABLE_NS_ASSERTIONS = NO;
				ENABLE_STRICT_OBJC_MSGSEND = YES;
				GCC_C_LANGUAGE_STANDARD = gnu11;
				GCC_NO_COMMON_BLOCKS = YES;
				GCC_WARN_64_TO_32_BIT_CONVERSION = YES;
				GCC_WARN_ABOUT_RETURN_TYPE = YES_ERROR;
				GCC_WARN_UNDECLARED_SELECTOR = YES;
				GCC_WARN_UNINITIALIZED_AUTOS = YES_AGGRESSIVE;
				GCC_WARN_UNUSED_FUNCTION = YES;
				GCC_WARN_UNUSED_VARIABLE = YES;
				IPHONEOS_DEPLOYMENT_TARGET = 15.2;
				MTL_ENABLE_DEBUG_INFO = NO;
				MTL_FAST_MATH = YES;
				SDKROOT = iphoneos;
				SWIFT_COMPILATION_MODE = wholemodule;
				SWIFT_OPTIMIZATION_LEVEL = "-O";
				VALIDATE_PRODUCT = YES;
			};
			name = Release;
		};
		570F2D2F27B31098008DDF9B /* Debug */ = {
			isa = XCBuildConfiguration;
			buildSettings = {
				ASSETCATALOG_COMPILER_APPICON_NAME = AppIcon;
				ASSETCATALOG_COMPILER_GLOBAL_ACCENT_COLOR_NAME = AccentColor;
				CODE_SIGN_STYLE = Automatic;
				CURRENT_PROJECT_VERSION = 1;
				DEVELOPMENT_TEAM = 6339446UT4;
				GENERATE_INFOPLIST_FILE = YES;
				INFOPLIST_FILE = WeatherApplication/Info.plist;
				INFOPLIST_KEY_UIApplicationSupportsIndirectInputEvents = YES;
				INFOPLIST_KEY_UILaunchStoryboardName = LaunchScreen;
				INFOPLIST_KEY_UIMainStoryboardFile = Main;
				INFOPLIST_KEY_UISupportedInterfaceOrientations_iPad = "UIInterfaceOrientationPortrait UIInterfaceOrientationPortraitUpsideDown UIInterfaceOrientationLandscapeLeft UIInterfaceOrientationLandscapeRight";
				INFOPLIST_KEY_UISupportedInterfaceOrientations_iPhone = "UIInterfaceOrientationPortrait UIInterfaceOrientationLandscapeLeft UIInterfaceOrientationLandscapeRight";
				LD_RUNPATH_SEARCH_PATHS = (
					"$(inherited)",
					"@executable_path/Frameworks",
				);
				MARKETING_VERSION = 1.0;
				PRODUCT_BUNDLE_IDENTIFIER = com.leno4ka.WeatherApplication;
				PRODUCT_NAME = "$(TARGET_NAME)";
				SWIFT_EMIT_LOC_STRINGS = YES;
				SWIFT_VERSION = 5.0;
				TARGETED_DEVICE_FAMILY = "1,2";
			};
			name = Debug;
		};
		570F2D3027B31098008DDF9B /* Release */ = {
			isa = XCBuildConfiguration;
			buildSettings = {
				ASSETCATALOG_COMPILER_APPICON_NAME = AppIcon;
				ASSETCATALOG_COMPILER_GLOBAL_ACCENT_COLOR_NAME = AccentColor;
				CODE_SIGN_STYLE = Automatic;
				CURRENT_PROJECT_VERSION = 1;
				DEVELOPMENT_TEAM = 6339446UT4;
				GENERATE_INFOPLIST_FILE = YES;
				INFOPLIST_FILE = WeatherApplication/Info.plist;
				INFOPLIST_KEY_UIApplicationSupportsIndirectInputEvents = YES;
				INFOPLIST_KEY_UILaunchStoryboardName = LaunchScreen;
				INFOPLIST_KEY_UIMainStoryboardFile = Main;
				INFOPLIST_KEY_UISupportedInterfaceOrientations_iPad = "UIInterfaceOrientationPortrait UIInterfaceOrientationPortraitUpsideDown UIInterfaceOrientationLandscapeLeft UIInterfaceOrientationLandscapeRight";
				INFOPLIST_KEY_UISupportedInterfaceOrientations_iPhone = "UIInterfaceOrientationPortrait UIInterfaceOrientationLandscapeLeft UIInterfaceOrientationLandscapeRight";
				LD_RUNPATH_SEARCH_PATHS = (
					"$(inherited)",
					"@executable_path/Frameworks",
				);
				MARKETING_VERSION = 1.0;
				PRODUCT_BUNDLE_IDENTIFIER = com.leno4ka.WeatherApplication;
				PRODUCT_NAME = "$(TARGET_NAME)";
				SWIFT_EMIT_LOC_STRINGS = YES;
				SWIFT_VERSION = 5.0;
				TARGETED_DEVICE_FAMILY = "1,2";
			};
			name = Release;
		};
/* End XCBuildConfiguration section */

/* Begin XCConfigurationList section */
		570F2D1227B31096008DDF9B /* Build configuration list for PBXProject "WeatherApplication" */ = {
			isa = XCConfigurationList;
			buildConfigurations = (
				570F2D2C27B31098008DDF9B /* Debug */,
				570F2D2D27B31098008DDF9B /* Release */,
			);
			defaultConfigurationIsVisible = 0;
			defaultConfigurationName = Release;
		};
		570F2D2E27B31098008DDF9B /* Build configuration list for PBXNativeTarget "WeatherApplication" */ = {
			isa = XCConfigurationList;
			buildConfigurations = (
				570F2D2F27B31098008DDF9B /* Debug */,
				570F2D3027B31098008DDF9B /* Release */,
			);
			defaultConfigurationIsVisible = 0;
			defaultConfigurationName = Release;
		};
/* End XCConfigurationList section */

/* Begin XCVersionGroup section */
		570F2D2327B31096008DDF9B /* WeatherApplication.xcdatamodeld */ = {
			isa = XCVersionGroup;
			children = (
				570F2D2427B31096008DDF9B /* WeatherApplication.xcdatamodel */,
			);
			currentVersion = 570F2D2427B31096008DDF9B /* WeatherApplication.xcdatamodel */;
			path = WeatherApplication.xcdatamodeld;
			sourceTree = "<group>";
			versionGroupType = wrapper.xcdatamodel;
		};
/* End XCVersionGroup section */
	};
	rootObject = 570F2D0F27B31096008DDF9B /* Project object */;
}
